<?xml version="1.0" encoding="utf-8"?>
<Project ToolsVersion="4.0" xmlns="http://schemas.microsoft.com/developer/msbuild/2003">
  <ItemGroup>
    <ClCompile Include="pch.cpp">
      <Filter>Generated</Filter>
    </ClCompile>
    <ClCompile Include="System.cpp">
      <Filter>Generated</Filter>
    </ClCompile>
    <ClCompile Include="SpeedTracker.cpp">
      <Filter>Source Files</Filter>
    </ClCompile>
    <ClCompile Include="SpriteComponent.cpp">
      <Filter>Source Files\Components</Filter>
    </ClCompile>
    <ClCompile Include="TransformComponent.cpp">
      <Filter>Source Files\Components</Filter>
    </ClCompile>
    <ClCompile Include="ComponentRegistry.cpp">
      <Filter>Source Files\Architecture</Filter>
    </ClCompile>
    <ClCompile Include="Entity.cpp">
      <Filter>Source Files\Architecture</Filter>
    </ClCompile>
    <ClCompile Include="EntityChunk.cpp">
      <Filter>Source Files\Architecture</Filter>
    </ClCompile>
    <ClCompile Include="EntityManager.cpp">
      <Filter>Source Files\Architecture</Filter>
    </ClCompile>
    <ClCompile Include="Bloodforge.cpp">
      <Filter>Source Files\Architecture</Filter>
    </ClCompile>
    <ClCompile Include="BloodRenderer.cpp">
      <Filter>Source Files\Architecture</Filter>
    </ClCompile>
    <ClCompile Include="Texture2D.cpp">
      <Filter>Source Files\Architecture</Filter>
    </ClCompile>
  </ItemGroup>
  <ItemGroup>
    <ClInclude Include="framework.h">
      <Filter>Generated</Filter>
    </ClInclude>
    <ClInclude Include="pch.h">
      <Filter>Generated</Filter>
    </ClInclude>
    <ClInclude Include="System.h">
      <Filter>Generated</Filter>
    </ClInclude>
    <ClInclude Include="SpeedTracker.h">
      <Filter>Header Files</Filter>
    </ClInclude>
    <ClInclude Include="SpriteComponent.h">
      <Filter>Header Files\Components</Filter>
    </ClInclude>
    <ClInclude Include="TransformComponent.h">
      <Filter>Header Files\Components</Filter>
    </ClInclude>
    <ClInclude Include="ArchetypeIdentifierMask.h">
      <Filter>Header Files\Architecture</Filter>
    </ClInclude>
    <ClInclude Include="Component.h">
      <Filter>Header Files\Architecture</Filter>
    </ClInclude>
    <ClInclude Include="ComponentRegistry.h">
      <Filter>Header Files\Architecture</Filter>
    </ClInclude>
    <ClInclude Include="Entity.h">
      <Filter>Header Files\Architecture</Filter>
    </ClInclude>
    <ClInclude Include="EntityChunk.h">
      <Filter>Header Files\Architecture</Filter>
    </ClInclude>
    <ClInclude Include="EntityManager.h">
      <Filter>Header Files\Architecture</Filter>
    </ClInclude>
    <ClInclude Include="Singleton.h">
      <Filter>Header Files\Architecture</Filter>
    </ClInclude>
    <ClInclude Include="Bloodforge.h">
      <Filter>Header Files\Architecture</Filter>
    </ClInclude>
    <ClInclude Include="BloodTime.h">
      <Filter>Header Files\Architecture</Filter>
    </ClInclude>
    <ClInclude Include="BloodRenderer.h">
      <Filter>Header Files\Architecture</Filter>
    </ClInclude>
    <ClInclude Include="Texture2D.h">
      <Filter>Header Files\Architecture</Filter>
    </ClInclude>
  </ItemGroup>
  <ItemGroup>
    <Filter Include="Generated">
      <UniqueIdentifier>{d8727d61-5dfb-42b0-b2a8-48de099776e2}</UniqueIdentifier>
    </Filter>
    <Filter Include="Header Files">
      <UniqueIdentifier>{aed897cb-77f4-4691-a674-9c2e3b629643}</UniqueIdentifier>
    </Filter>
    <Filter Include="Source Files">
      <UniqueIdentifier>{f3e222d3-7c8a-4178-920a-d23327056359}</UniqueIdentifier>
    </Filter>
    <Filter Include="Inline Files">
      <UniqueIdentifier>{a05acb9c-2e37-402e-a564-3f2f6ecae25c}</UniqueIdentifier>
    </Filter>
    <Filter Include="Source Files\Components">
      <UniqueIdentifier>{94136306-7b4f-4811-8e4c-53b48ae1c999}</UniqueIdentifier>
    </Filter>
    <Filter Include="Header Files\Components">
      <UniqueIdentifier>{1d73c518-4439-4fae-8d65-240f3495476e}</UniqueIdentifier>
    </Filter>
    <Filter Include="Header Files\Architecture">
      <UniqueIdentifier>{ea121975-efb3-49a7-8aa6-17839500fda7}</UniqueIdentifier>
    </Filter>
    <Filter Include="Source Files\Architecture">
      <UniqueIdentifier>{c7c78784-a603-44db-86d0-9abadcf703dd}</UniqueIdentifier>
    </Filter>
  </ItemGroup>
  <ItemGroup>
    <None Include="Entity.inl">
      <Filter>Inline Files</Filter>
    </None>
  </ItemGroup>
</Project>